
Microsoft Visual Studio Solution File, Format Version 12.00
# Visual Studio Version 17
VisualStudioVersion = 17.9.34616.47
MinimumVisualStudioVersion = 10.0.40219.1
Project("{FAE04EC0-301F-11D3-BF4B-00C04F79EFBC}") = "Midterm_Assignment1_Login", "Midterm_Assignment1_Login.csproj", "{9C8010A3-B416-420E-B823-3D7B8686985E}"
EndProject
Global
	GlobalSection(SolutionConfigurationPlatforms) = preSolution
		Debug|Any CPU = Debug|Any CPU
		Release|Any CPU = Release|Any CPU
	EndGlobalSection
	GlobalSection(ProjectConfigurationPlatforms) = postSolution
		{9C8010A3-B416-420E-B823-3D7B8686985E}.Debug|Any CPU.ActiveCfg = Debug|Any CPU
		{9C8010A3-B416-420E-B823-3D7B8686985E}.Debug|Any CPU.Build.0 = Debug|Any CPU
		{9C8010A3-B416-420E-B823-3D7B8686985E}.Release|Any CPU.ActiveCfg = Release|Any CPU
		{9C8010A3-B416-420E-B823-3D7B8686985E}.Release|Any CPU.Build.0 = Release|Any CPU
	EndGlobalSection
	GlobalSection(SolutionProperties) = preSolution
		HideSolutionNode = FALSE
	EndGlobalSection
	GlobalSection(ExtensibilityGlobals) = postSolution
		SolutionGuid = {DA407A95-C779-4533-87EE-A533E93A7DEA}
	EndGlobalSection
EndGlobal
